version = 1
requires-python = ">=3.12"
environment-markers = [
    "python_full_version < '3.12.4' and python_version < '3.13'",
    "python_full_version < '3.12.4' and python_version >= '3.13'",
    "python_full_version >= '3.12.4' and python_version < '3.13'",
    "python_full_version >= '3.12.4' and python_version >= '3.13'",
]

[[distribution]]
name = "anyio"
version = "4.4.0"
source = { registry = "https://pypi.org/simple" }
dependencies = [
    { name = "idna", marker = "(python_full_version < '3.12.4' and python_version < '3.13') or (python_full_version < '3.12.4' and python_version >= '3.13') or (python_full_version >= '3.12.4' and python_version < '3.13') or (python_full_version >= '3.12.4' and python_version >= '3.13')" },
    { name = "sniffio", marker = "(python_full_version < '3.12.4' and python_version < '3.13') or (python_full_version < '3.12.4' and python_version >= '3.13') or (python_full_version >= '3.12.4' and python_version < '3.13') or (python_full_version >= '3.12.4' and python_version >= '3.13')" },
]
sdist = { url = "https://files.pythonhosted.org/packages/e6/e3/c4c8d473d6780ef1853d630d581f70d655b4f8d7553c6997958c283039a2/anyio-4.4.0.tar.gz", hash = "sha256:5aadc6a1bbb7cdb0bede386cac5e2940f5e2ff3aa20277e991cf028e0585ce94", size = 163930 }
wheels = [
    { url = "https://files.pythonhosted.org/packages/7b/a2/10639a79341f6c019dedc95bd48a4928eed9f1d1197f4c04f546fc7ae0ff/anyio-4.4.0-py3-none-any.whl", hash = "sha256:c1b2d8f46a8a812513012e1107cb0e68c17159a7a594208005a57dc776e1bdc7", size = 86780 },
]

[[distribution]]
name = "certifi"
version = "2024.7.4"
source = { registry = "https://pypi.org/simple" }
sdist = { url = "https://files.pythonhosted.org/packages/c2/02/a95f2b11e207f68bc64d7aae9666fed2e2b3f307748d5123dffb72a1bbea/certifi-2024.7.4.tar.gz", hash = "sha256:5a1e7645bc0ec61a09e26c36f6106dd4cf40c6db3a1fb6352b0244e7fb057c7b", size = 164065 }
wheels = [
    { url = "https://files.pythonhosted.org/packages/1c/d5/c84e1a17bf61d4df64ca866a1c9a913874b4e9bdc131ec689a0ad013fb36/certifi-2024.7.4-py3-none-any.whl", hash = "sha256:c198e21b1289c2ab85ee4e67bb4b4ef3ead0892059901a8d5b622f24a1101e90", size = 162960 },
]

[[distribution]]
name = "folio-ai-workflows"
version = "0.1.0"
source = { editable = "." }
dependencies = [
    { name = "folioclient", marker = "(python_full_version < '3.12.4' and python_version < '3.13') or (python_full_version < '3.12.4' and python_version >= '3.13') or (python_full_version >= '3.12.4' and python_version < '3.13') or (python_full_version >= '3.12.4' and python_version >= '3.13')" },
]

[[distribution]]
name = "folioclient"
version = "0.60.5"
source = { registry = "https://pypi.org/simple" }
dependencies = [
    { name = "httpx", marker = "(python_full_version < '3.12.4' and python_version < '3.13') or (python_full_version < '3.12.4' and python_version >= '3.13') or (python_full_version >= '3.12.4' and python_version < '3.13') or (python_full_version >= '3.12.4' and python_version >= '3.13')" },
    { name = "py-openapi-schema-to-json-schema", marker = "(python_full_version < '3.12.4' and python_version < '3.13') or (python_full_version < '3.12.4' and python_version >= '3.13') or (python_full_version >= '3.12.4' and python_version < '3.13') or (python_full_version >= '3.12.4' and python_version >= '3.13')" },
    { name = "python-dateutil", marker = "(python_full_version < '3.12.4' and python_version < '3.13') or (python_full_version < '3.12.4' and python_version >= '3.13') or (python_full_version >= '3.12.4' and python_version < '3.13') or (python_full_version >= '3.12.4' and python_version >= '3.13')" },
    { name = "pyyaml", marker = "(python_full_version < '3.12.4' and python_version < '3.13') or (python_full_version < '3.12.4' and python_version >= '3.13') or (python_full_version >= '3.12.4' and python_version < '3.13') or (python_full_version >= '3.12.4' and python_version >= '3.13')" },
]
sdist = { url = "https://files.pythonhosted.org/packages/47/b0/dc39eb4869e1a476e9a1c8548b8843b89266b3ccd14b1d27e75151eca9a7/folioclient-0.60.5.tar.gz", hash = "sha256:c4ff37f810dff2b0ffa8fae14b4248b3d03f5be215c24fd7f0b341003714b993", size = 9654 }
wheels = [
    { url = "https://files.pythonhosted.org/packages/eb/00/cd83c7370fb6a2b9edce312c172f497ba2358426e9b993d248b1282ef217/folioclient-0.60.5-py3-none-any.whl", hash = "sha256:1b011178fa33a043143f36247172bb93d4d0e0bb8e67bca49f5d1567f58efe80", size = 10012 },
]

[[distribution]]
name = "h11"
version = "0.14.0"
source = { registry = "https://pypi.org/simple" }
sdist = { url = "https://files.pythonhosted.org/packages/f5/38/3af3d3633a34a3316095b39c8e8fb4853a28a536e55d347bd8d8e9a14b03/h11-0.14.0.tar.gz", hash = "sha256:8f19fbbe99e72420ff35c00b27a34cb9937e902a8b810e2c88300c6f0a3b699d", size = 100418 }
wheels = [
    { url = "https://files.pythonhosted.org/packages/95/04/ff642e65ad6b90db43e668d70ffb6736436c7ce41fcc549f4e9472234127/h11-0.14.0-py3-none-any.whl", hash = "sha256:e3fe4ac4b851c468cc8363d500db52c2ead036020723024a109d37346efaa761", size = 58259 },
]

[[distribution]]
name = "httpcore"
version = "0.16.3"
source = { registry = "https://pypi.org/simple" }
dependencies = [
    { name = "anyio", marker = "(python_full_version < '3.12.4' and python_version < '3.13') or (python_full_version < '3.12.4' and python_version >= '3.13') or (python_full_version >= '3.12.4' and python_version < '3.13') or (python_full_version >= '3.12.4' and python_version >= '3.13')" },
    { name = "certifi", marker = "(python_full_version < '3.12.4' and python_version < '3.13') or (python_full_version < '3.12.4' and python_version >= '3.13') or (python_full_version >= '3.12.4' and python_version < '3.13') or (python_full_version >= '3.12.4' and python_version >= '3.13')" },
    { name = "h11", marker = "(python_full_version < '3.12.4' and python_version < '3.13') or (python_full_version < '3.12.4' and python_version >= '3.13') or (python_full_version >= '3.12.4' and python_version < '3.13') or (python_full_version >= '3.12.4' and python_version >= '3.13')" },
    { name = "sniffio", marker = "(python_full_version < '3.12.4' and python_version < '3.13') or (python_full_version < '3.12.4' and python_version >= '3.13') or (python_full_version >= '3.12.4' and python_version < '3.13') or (python_full_version >= '3.12.4' and python_version >= '3.13')" },
]
sdist = { url = "https://files.pythonhosted.org/packages/61/42/5c456b02816845d163fab0f32936b6a5b649f3f915beff6f819f4f6c90b2/httpcore-0.16.3.tar.gz", hash = "sha256:c5d6f04e2fc530f39e0c077e6a30caa53f1451096120f1f38b954afd0b17c0cb", size = 54929 }
wheels = [
    { url = "https://files.pythonhosted.org/packages/04/7e/ef97af4623024e8159993b3114ce208de4f677098ae058ec5882a1bf7605/httpcore-0.16.3-py3-none-any.whl", hash = "sha256:da1fb708784a938aa084bde4feb8317056c55037247c787bd7e19eb2c2949dc0", size = 69561 },
]

[[distribution]]
name = "httpx"
version = "0.23.3"
source = { registry = "https://pypi.org/simple" }
dependencies = [
    { name = "certifi", marker = "(python_full_version < '3.12.4' and python_version < '3.13') or (python_full_version < '3.12.4' and python_version >= '3.13') or (python_full_version >= '3.12.4' and python_version < '3.13') or (python_full_version >= '3.12.4' and python_version >= '3.13')" },
    { name = "httpcore", marker = "(python_full_version < '3.12.4' and python_version < '3.13') or (python_full_version < '3.12.4' and python_version >= '3.13') or (python_full_version >= '3.12.4' and python_version < '3.13') or (python_full_version >= '3.12.4' and python_version >= '3.13')" },
    { name = "rfc3986", extra = ["idna2008"], marker = "(python_full_version < '3.12.4' and python_version < '3.13') or (python_full_version < '3.12.4' and python_version >= '3.13') or (python_full_version >= '3.12.4' and python_version < '3.13') or (python_full_version >= '3.12.4' and python_version >= '3.13')" },
    { name = "sniffio", marker = "(python_full_version < '3.12.4' and python_version < '3.13') or (python_full_version < '3.12.4' and python_version >= '3.13') or (python_full_version >= '3.12.4' and python_version < '3.13') or (python_full_version >= '3.12.4' and python_version >= '3.13')" },
]
sdist = { url = "https://files.pythonhosted.org/packages/f5/50/04d5e8ee398a10c767a341a25f59ff8711ae3adf0143c7f8b45fc560d72d/httpx-0.23.3.tar.gz", hash = "sha256:9818458eb565bb54898ccb9b8b251a28785dd4a55afbc23d0eb410754fe7d0f9", size = 77527 }
wheels = [
    { url = "https://files.pythonhosted.org/packages/ac/a2/0260c0f5d73bdf06e8d3fc1013a82b9f0633dc21750c9e3f3cb1dba7bb8c/httpx-0.23.3-py3-none-any.whl", hash = "sha256:a211fcce9b1254ea24f0cd6af9869b3d29aba40154e947d2a07bb499b3e310d6", size = 71472 },
]

[[distribution]]
name = "idna"
version = "3.7"
source = { registry = "https://pypi.org/simple" }
sdist = { url = "https://files.pythonhosted.org/packages/21/ed/f86a79a07470cb07819390452f178b3bef1d375f2ec021ecfc709fc7cf07/idna-3.7.tar.gz", hash = "sha256:028ff3aadf0609c1fd278d8ea3089299412a7a8b9bd005dd08b9f8285bcb5cfc", size = 189575 }
wheels = [
    { url = "https://files.pythonhosted.org/packages/e5/3e/741d8c82801c347547f8a2a06aa57dbb1992be9e948df2ea0eda2c8b79e8/idna-3.7-py3-none-any.whl", hash = "sha256:82fee1fc78add43492d3a1898bfa6d8a904cc97d8427f683ed8e798d07761aa0", size = 66836 },
]

[[distribution]]
name = "py-openapi-schema-to-json-schema"
version = "0.0.3"
source = { registry = "https://pypi.org/simple" }
sdist = { url = "https://files.pythonhosted.org/packages/51/c5/5d6a9b08df175a886b4085eb51e0351854a96e4896a367b2373ad19d881b/py-openapi-schema-to-json-schema-0.0.3.tar.gz", hash = "sha256:d557afb6bcc45d62a1383ada0ad57515421552efa3b2e07b2264e5b9e1e9634e", size = 5964 }
wheels = [
    { url = "https://files.pythonhosted.org/packages/1c/1a/a43f73b8762512ab3358aac96c6c6d1d9ec4dbb3bbb99d82c2e90e5f3d16/py_openapi_schema_to_json_schema-0.0.3-py3-none-any.whl", hash = "sha256:456802186309257a9667fd50eca7c6ff6eaf9930ab09dcc87c54537e01066f09", size = 6954 },
]

[[distribution]]
name = "python-dateutil"
version = "2.9.0.post0"
source = { registry = "https://pypi.org/simple" }
dependencies = [
    { name = "six", marker = "(python_full_version < '3.12.4' and python_version < '3.13') or (python_full_version < '3.12.4' and python_version >= '3.13') or (python_full_version >= '3.12.4' and python_version < '3.13') or (python_full_version >= '3.12.4' and python_version >= '3.13')" },
]
sdist = { url = "https://files.pythonhosted.org/packages/66/c0/0c8b6ad9f17a802ee498c46e004a0eb49bc148f2fd230864601a86dcf6db/python-dateutil-2.9.0.post0.tar.gz", hash = "sha256:37dd54208da7e1cd875388217d5e00ebd4179249f90fb72437e91a35459a0ad3", size = 342432 }
wheels = [
    { url = "https://files.pythonhosted.org/packages/ec/57/56b9bcc3c9c6a792fcbaf139543cee77261f3651ca9da0c93f5c1221264b/python_dateutil-2.9.0.post0-py2.py3-none-any.whl", hash = "sha256:a8b2bc7bffae282281c8140a97d3aa9c14da0b136dfe83f850eea9a5f7470427", size = 229892 },
]

[[distribution]]
name = "pyyaml"
version = "6.0.2"
source = { registry = "https://pypi.org/simple" }
sdist = { url = "https://files.pythonhosted.org/packages/54/ed/79a089b6be93607fa5cdaedf301d7dfb23af5f25c398d5ead2525b063e17/pyyaml-6.0.2.tar.gz", hash = "sha256:d584d9ec91ad65861cc08d42e834324ef890a082e591037abe114850ff7bbc3e", size = 130631 }
wheels = [
    { url = "https://files.pythonhosted.org/packages/86/0c/c581167fc46d6d6d7ddcfb8c843a4de25bdd27e4466938109ca68492292c/PyYAML-6.0.2-cp312-cp312-macosx_10_9_x86_64.whl", hash = "sha256:c70c95198c015b85feafc136515252a261a84561b7b1d51e3384e0655ddf25ab", size = 183873 },
    { url = "https://files.pythonhosted.org/packages/a8/0c/38374f5bb272c051e2a69281d71cba6fdb983413e6758b84482905e29a5d/PyYAML-6.0.2-cp312-cp312-macosx_11_0_arm64.whl", hash = "sha256:ce826d6ef20b1bc864f0a68340c8b3287705cae2f8b4b1d932177dcc76721725", size = 173302 },
    { url = "https://files.pythonhosted.org/packages/c3/93/9916574aa8c00aa06bbac729972eb1071d002b8e158bd0e83a3b9a20a1f7/PyYAML-6.0.2-cp312-cp312-manylinux_2_17_aarch64.manylinux2014_aarch64.whl", hash = "sha256:1f71ea527786de97d1a0cc0eacd1defc0985dcf6b3f17bb77dcfc8c34bec4dc5", size = 739154 },
    { url = "https://files.pythonhosted.org/packages/95/0f/b8938f1cbd09739c6da569d172531567dbcc9789e0029aa070856f123984/PyYAML-6.0.2-cp312-cp312-manylinux_2_17_s390x.manylinux2014_s390x.whl", hash = "sha256:9b22676e8097e9e22e36d6b7bda33190d0d400f345f23d4065d48f4ca7ae0425", size = 766223 },
    { url = "https://files.pythonhosted.org/packages/b9/2b/614b4752f2e127db5cc206abc23a8c19678e92b23c3db30fc86ab731d3bd/PyYAML-6.0.2-cp312-cp312-manylinux_2_17_x86_64.manylinux2014_x86_64.whl", hash = "sha256:80bab7bfc629882493af4aa31a4cfa43a4c57c83813253626916b8c7ada83476", size = 767542 },
    { url = "https://files.pythonhosted.org/packages/d4/00/dd137d5bcc7efea1836d6264f049359861cf548469d18da90cd8216cf05f/PyYAML-6.0.2-cp312-cp312-musllinux_1_1_aarch64.whl", hash = "sha256:0833f8694549e586547b576dcfaba4a6b55b9e96098b36cdc7ebefe667dfed48", size = 731164 },
    { url = "https://files.pythonhosted.org/packages/c9/1f/4f998c900485e5c0ef43838363ba4a9723ac0ad73a9dc42068b12aaba4e4/PyYAML-6.0.2-cp312-cp312-musllinux_1_1_x86_64.whl", hash = "sha256:8b9c7197f7cb2738065c481a0461e50ad02f18c78cd75775628afb4d7137fb3b", size = 756611 },
    { url = "https://files.pythonhosted.org/packages/df/d1/f5a275fdb252768b7a11ec63585bc38d0e87c9e05668a139fea92b80634c/PyYAML-6.0.2-cp312-cp312-win32.whl", hash = "sha256:ef6107725bd54b262d6dedcc2af448a266975032bc85ef0172c5f059da6325b4", size = 140591 },
    { url = "https://files.pythonhosted.org/packages/0c/e8/4f648c598b17c3d06e8753d7d13d57542b30d56e6c2dedf9c331ae56312e/PyYAML-6.0.2-cp312-cp312-win_amd64.whl", hash = "sha256:7e7401d0de89a9a855c839bc697c079a4af81cf878373abd7dc625847d25cbd8", size = 156338 },
    { url = "https://files.pythonhosted.org/packages/ef/e3/3af305b830494fa85d95f6d95ef7fa73f2ee1cc8ef5b495c7c3269fb835f/PyYAML-6.0.2-cp313-cp313-macosx_10_13_x86_64.whl", hash = "sha256:efdca5630322a10774e8e98e1af481aad470dd62c3170801852d752aa7a783ba", size = 181309 },
    { url = "https://files.pythonhosted.org/packages/45/9f/3b1c20a0b7a3200524eb0076cc027a970d320bd3a6592873c85c92a08731/PyYAML-6.0.2-cp313-cp313-macosx_11_0_arm64.whl", hash = "sha256:50187695423ffe49e2deacb8cd10510bc361faac997de9efef88badc3bb9e2d1", size = 171679 },
    { url = "https://files.pythonhosted.org/packages/7c/9a/337322f27005c33bcb656c655fa78325b730324c78620e8328ae28b64d0c/PyYAML-6.0.2-cp313-cp313-manylinux_2_17_aarch64.manylinux2014_aarch64.whl", hash = "sha256:0ffe8360bab4910ef1b9e87fb812d8bc0a308b0d0eef8c8f44e0254ab3b07133", size = 733428 },
    { url = "https://files.pythonhosted.org/packages/a3/69/864fbe19e6c18ea3cc196cbe5d392175b4cf3d5d0ac1403ec3f2d237ebb5/PyYAML-6.0.2-cp313-cp313-manylinux_2_17_s390x.manylinux2014_s390x.whl", hash = "sha256:17e311b6c678207928d649faa7cb0d7b4c26a0ba73d41e99c4fff6b6c3276484", size = 763361 },
    { url = "https://files.pythonhosted.org/packages/04/24/b7721e4845c2f162d26f50521b825fb061bc0a5afcf9a386840f23ea19fa/PyYAML-6.0.2-cp313-cp313-manylinux_2_17_x86_64.manylinux2014_x86_64.whl", hash = "sha256:70b189594dbe54f75ab3a1acec5f1e3faa7e8cf2f1e08d9b561cb41b845f69d5", size = 759523 },
    { url = "https://files.pythonhosted.org/packages/2b/b2/e3234f59ba06559c6ff63c4e10baea10e5e7df868092bf9ab40e5b9c56b6/PyYAML-6.0.2-cp313-cp313-musllinux_1_1_aarch64.whl", hash = "sha256:41e4e3953a79407c794916fa277a82531dd93aad34e29c2a514c2c0c5fe971cc", size = 726660 },
    { url = "https://files.pythonhosted.org/packages/fe/0f/25911a9f080464c59fab9027482f822b86bf0608957a5fcc6eaac85aa515/PyYAML-6.0.2-cp313-cp313-musllinux_1_1_x86_64.whl", hash = "sha256:68ccc6023a3400877818152ad9a1033e3db8625d899c72eacb5a668902e4d652", size = 751597 },
    { url = "https://files.pythonhosted.org/packages/14/0d/e2c3b43bbce3cf6bd97c840b46088a3031085179e596d4929729d8d68270/PyYAML-6.0.2-cp313-cp313-win32.whl", hash = "sha256:bc2fa7c6b47d6bc618dd7fb02ef6fdedb1090ec036abab80d4681424b84c1183", size = 140527 },
    { url = "https://files.pythonhosted.org/packages/fa/de/02b54f42487e3d3c6efb3f89428677074ca7bf43aae402517bc7cca949f3/PyYAML-6.0.2-cp313-cp313-win_amd64.whl", hash = "sha256:8388ee1976c416731879ac16da0aff3f63b286ffdd57cdeb95f3f2e085687563", size = 156446 },
]

[[distribution]]
name = "rfc3986"
version = "1.5.0"
source = { registry = "https://pypi.org/simple" }
sdist = { url = "https://files.pythonhosted.org/packages/79/30/5b1b6c28c105629cc12b33bdcbb0b11b5bb1880c6cfbd955f9e792921aa8/rfc3986-1.5.0.tar.gz", hash = "sha256:270aaf10d87d0d4e095063c65bf3ddbc6ee3d0b226328ce21e036f946e421835", size = 49378 }
wheels = [
    { url = "https://files.pythonhosted.org/packages/c4/e5/63ca2c4edf4e00657584608bee1001302bbf8c5f569340b78304f2f446cb/rfc3986-1.5.0-py2.py3-none-any.whl", hash = "sha256:a86d6e1f5b1dc238b218b012df0aa79409667bb209e58da56d0b94704e712a97", size = 31976 },
]

[distribution.optional-dependencies]
idna2008 = [
    { name = "idna", marker = "(python_full_version < '3.12.4' and python_version < '3.13') or (python_full_version < '3.12.4' and python_version >= '3.13') or (python_full_version >= '3.12.4' and python_version < '3.13') or (python_full_version >= '3.12.4' and python_version >= '3.13')" },
]

[[distribution]]
name = "six"
version = "1.16.0"
source = { registry = "https://pypi.org/simple" }
sdist = { url = "https://files.pythonhosted.org/packages/71/39/171f1c67cd00715f190ba0b100d606d440a28c93c7714febeca8b79af85e/six-1.16.0.tar.gz", hash = "sha256:1e61c37477a1626458e36f7b1d82aa5c9b094fa4802892072e49de9c60c4c926", size = 34041 }
wheels = [
    { url = "https://files.pythonhosted.org/packages/d9/5a/e7c31adbe875f2abbb91bd84cf2dc52d792b5a01506781dbcf25c91daf11/six-1.16.0-py2.py3-none-any.whl", hash = "sha256:8abb2f1d86890a2dfb989f9a77cfcfd3e47c2a354b01111771326f8aa26e0254", size = 11053 },
]

[[distribution]]
name = "sniffio"
version = "1.3.1"
source = { registry = "https://pypi.org/simple" }
sdist = { url = "https://files.pythonhosted.org/packages/a2/87/a6771e1546d97e7e041b6ae58d80074f81b7d5121207425c964ddf5cfdbd/sniffio-1.3.1.tar.gz", hash = "sha256:f4324edc670a0f49750a81b895f35c3adb843cca46f0530f79fc1babb23789dc", size = 20372 }
wheels = [
    { url = "https://files.pythonhosted.org/packages/e9/44/75a9c9421471a6c4805dbf2356f7c181a29c1879239abab1ea2cc8f38b40/sniffio-1.3.1-py3-none-any.whl", hash = "sha256:2f6da418d1f1e0fddd844478f41680e794e6051915791a034ff65e5f100525a2", size = 10235 },
]
